
Microsoft Visual Studio Solution File, Format Version 12.00
# Visual Studio Version 17
VisualStudioVersion = 17.7.34221.43
MinimumVisualStudioVersion = 10.0.40219.1
Project("{9A19103F-16F7-4668-BE54-9A1E7A4F7556}") = "WebExpress", "WebExpress\WebExpress.csproj", "{FA4AD06F-77C5-410E-B03C-3FABF00E692D}"
EndProject
Project("{9A19103F-16F7-4668-BE54-9A1E7A4F7556}") = "WebExpress.Test", "WebExpress.Test\WebExpress.Test.csproj", "{135F043D-1881-4C4A-8120-5FE11498E1A4}"
EndProject
Global
	GlobalSection(SolutionConfigurationPlatforms) = preSolution
		Debug|Any CPU = Debug|Any CPU
		Release|Any CPU = Release|Any CPU
	EndGlobalSection
	GlobalSection(ProjectConfigurationPlatforms) = postSolution
		{FA4AD06F-77C5-410E-B03C-3FABF00E692D}.Debug|Any CPU.ActiveCfg = Debug|Any CPU
		{FA4AD06F-77C5-410E-B03C-3FABF00E692D}.Debug|Any CPU.Build.0 = Debug|Any CPU
		{FA4AD06F-77C5-410E-B03C-3FABF00E692D}.Release|Any CPU.ActiveCfg = Release|Any CPU
		{FA4AD06F-77C5-410E-B03C-3FABF00E692D}.Release|Any CPU.Build.0 = Release|Any CPU
		{135F043D-1881-4C4A-8120-5FE11498E1A4}.Debug|Any CPU.ActiveCfg = Debug|Any CPU
		{135F043D-1881-4C4A-8120-5FE11498E1A4}.Debug|Any CPU.Build.0 = Debug|Any CPU
		{135F043D-1881-4C4A-8120-5FE11498E1A4}.Release|Any CPU.ActiveCfg = Release|Any CPU
		{135F043D-1881-4C4A-8120-5FE11498E1A4}.Release|Any CPU.Build.0 = Release|Any CPU
	EndGlobalSection
	GlobalSection(SolutionProperties) = preSolution
		HideSolutionNode = FALSE
	EndGlobalSection
	GlobalSection(ExtensibilityGlobals) = postSolution
		SolutionGuid = {FAFE4739-CC63-4B24-8358-A6A8868C29F4}
	EndGlobalSection
EndGlobal
